
Microsoft Visual Studio Solution File, Format Version 12.00
# Visual Studio Version 17
VisualStudioVersion = 17.14.36127.28 d17.14
MinimumVisualStudioVersion = 10.0.40219.1
Project("{FAE04EC0-301F-11D3-BF4B-00C04F79EFBC}") = "P16OWWiki2", "P16OWWiki2\P16OWWiki2.csproj", "{AF2EC64B-F801-48EE-8F2F-6B453250F6EB}"
EndProject
Global
	GlobalSection(SolutionConfigurationPlatforms) = preSolution
		Debug|Any CPU = Debug|Any CPU
		Release|Any CPU = Release|Any CPU
	EndGlobalSection
	GlobalSection(ProjectConfigurationPlatforms) = postSolution
		{AF2EC64B-F801-48EE-8F2F-6B453250F6EB}.Debug|Any CPU.ActiveCfg = Debug|Any CPU
		{AF2EC64B-F801-48EE-8F2F-6B453250F6EB}.Debug|Any CPU.Build.0 = Debug|Any CPU
		{AF2EC64B-F801-48EE-8F2F-6B453250F6EB}.Release|Any CPU.ActiveCfg = Release|Any CPU
		{AF2EC64B-F801-48EE-8F2F-6B453250F6EB}.Release|Any CPU.Build.0 = Release|Any CPU
	EndGlobalSection
	GlobalSection(SolutionProperties) = preSolution
		HideSolutionNode = FALSE
	EndGlobalSection
	GlobalSection(ExtensibilityGlobals) = postSolution
		SolutionGuid = {BFE0598D-1596-4492-B9DD-99D7805CA062}
	EndGlobalSection
EndGlobal
